<?xml version="1.0" encoding="UTF-8"?>
<CodeBlocks_project_file>
	<FileVersion major="1" minor="6"/>
	<Project>
		<Option title="Transport_planning"/>
		<Option makefile_is_custom="1"/>
		<Option compiler="gcc"/>
		<Option virtualFolders="CMake Files\;CMake Files\..\;CMake Files\..\anaconda3\;CMake Files\..\anaconda3\lib\;CMake Files\..\anaconda3\lib\cmake\;CMake Files\..\anaconda3\lib\cmake\Qt5\;CMake Files\..\anaconda3\lib\cmake\Qt5Widgets\;CMake Files\..\anaconda3\lib\cmake\Qt5Gui\;CMake Files\..\anaconda3\lib\cmake\Qt5Core\;CMake Files\..\anaconda3\lib\cmake\Qt5Sql\;"/>
		<Build>
			<Target title="all">
				<Option working_dir="/home/louis/Transport_planning/build-Transport_planning-mainKit-Debug"/>
				<Option type="4"/>
				<MakeCommands>
					<Build command="/usr/bin/make -j12 -f &quot;/home/louis/Transport_planning/build-Transport_planning-mainKit-Debug/Makefile&quot;  VERBOSE=1 all"/>
					<CompileFile command="/usr/bin/make -j12 -f &quot;/home/louis/Transport_planning/build-Transport_planning-mainKit-Debug/Makefile&quot;  VERBOSE=1 &quot;$file&quot;"/>
					<Clean command="/usr/bin/make -j12 -f &quot;/home/louis/Transport_planning/build-Transport_planning-mainKit-Debug/Makefile&quot;  VERBOSE=1 clean"/>
					<DistClean command="/usr/bin/make -j12 -f &quot;/home/louis/Transport_planning/build-Transport_planning-mainKit-Debug/Makefile&quot;  VERBOSE=1 clean"/>
				</MakeCommands>
			</Target>
			<Target title="rebuild_cache">
				<Option working_dir="/home/louis/Transport_planning/build-Transport_planning-mainKit-Debug"/>
				<Option type="4"/>
				<MakeCommands>
					<Build command="/usr/bin/make -j12 -f &quot;/home/louis/Transport_planning/build-Transport_planning-mainKit-Debug/Makefile&quot;  VERBOSE=1 rebuild_cache"/>
					<CompileFile command="/usr/bin/make -j12 -f &quot;/home/louis/Transport_planning/build-Transport_planning-mainKit-Debug/Makefile&quot;  VERBOSE=1 &quot;$file&quot;"/>
					<Clean command="/usr/bin/make -j12 -f &quot;/home/louis/Transport_planning/build-Transport_planning-mainKit-Debug/Makefile&quot;  VERBOSE=1 clean"/>
					<DistClean command="/usr/bin/make -j12 -f &quot;/home/louis/Transport_planning/build-Transport_planning-mainKit-Debug/Makefile&quot;  VERBOSE=1 clean"/>
				</MakeCommands>
			</Target>
			<Target title="edit_cache">
				<Option working_dir="/home/louis/Transport_planning/build-Transport_planning-mainKit-Debug"/>
				<Option type="4"/>
				<MakeCommands>
					<Build command="/usr/bin/make -j12 -f &quot;/home/louis/Transport_planning/build-Transport_planning-mainKit-Debug/Makefile&quot;  VERBOSE=1 edit_cache"/>
					<CompileFile command="/usr/bin/make -j12 -f &quot;/home/louis/Transport_planning/build-Transport_planning-mainKit-Debug/Makefile&quot;  VERBOSE=1 &quot;$file&quot;"/>
					<Clean command="/usr/bin/make -j12 -f &quot;/home/louis/Transport_planning/build-Transport_planning-mainKit-Debug/Makefile&quot;  VERBOSE=1 clean"/>
					<DistClean command="/usr/bin/make -j12 -f &quot;/home/louis/Transport_planning/build-Transport_planning-mainKit-Debug/Makefile&quot;  VERBOSE=1 clean"/>
				</MakeCommands>
			</Target>
			<Target title="Transport_planning">
				<Option output="/home/louis/Transport_planning/build-Transport_planning-mainKit-Debug/Transport_planning" prefix_auto="0" extension_auto="0"/>
				<Option working_dir="/home/louis/Transport_planning/build-Transport_planning-mainKit-Debug"/>
				<Option object_output="./"/>
				<Option type="1"/>
				<Option compiler="gcc"/>
				<Compiler>
					<Add option="-DQT_WIDGETS_LIB"/>
					<Add option="-DQT_GUI_LIB"/>
					<Add option="-DQT_CORE_LIB"/>
					<Add option="-DQT_SQL_LIB"/>
					<Add directory="/home/louis/Transport_planning/build-Transport_planning-mainKit-Debug"/>
					<Add directory="/home/louis/Transport_planning"/>
					<Add directory="/home/louis/Transport_planning/build-Transport_planning-mainKit-Debug/Transport_planning_autogen/include"/>
					<Add directory="/home/louis/anaconda3/include/qt"/>
					<Add directory="/home/louis/anaconda3/include/qt/QtWidgets"/>
					<Add directory="/home/louis/anaconda3/include/qt/QtGui"/>
					<Add directory="/home/louis/anaconda3/include/qt/QtCore"/>
					<Add directory="/home/louis/anaconda3/./mkspecs/linux-g++"/>
					<Add directory="/home/louis/anaconda3/include/qt/QtSql"/>
					<Add directory="/usr/include/c++/9"/>
					<Add directory="/usr/include/x86_64-linux-gnu/c++/9"/>
					<Add directory="/usr/include/c++/9/backward"/>
					<Add directory="/usr/lib/gcc/x86_64-linux-gnu/9/include"/>
					<Add directory="/usr/local/include"/>
					<Add directory="/usr/include/x86_64-linux-gnu"/>
					<Add directory="/usr/include"/>
				</Compiler>
				<MakeCommands>
					<Build command="/usr/bin/make -j12 -f &quot;/home/louis/Transport_planning/build-Transport_planning-mainKit-Debug/Makefile&quot;  VERBOSE=1 Transport_planning"/>
					<CompileFile command="/usr/bin/make -j12 -f &quot;/home/louis/Transport_planning/build-Transport_planning-mainKit-Debug/Makefile&quot;  VERBOSE=1 &quot;$file&quot;"/>
					<Clean command="/usr/bin/make -j12 -f &quot;/home/louis/Transport_planning/build-Transport_planning-mainKit-Debug/Makefile&quot;  VERBOSE=1 clean"/>
					<DistClean command="/usr/bin/make -j12 -f &quot;/home/louis/Transport_planning/build-Transport_planning-mainKit-Debug/Makefile&quot;  VERBOSE=1 clean"/>
				</MakeCommands>
			</Target>
			<Target title="Transport_planning/fast">
				<Option output="/home/louis/Transport_planning/build-Transport_planning-mainKit-Debug/Transport_planning" prefix_auto="0" extension_auto="0"/>
				<Option working_dir="/home/louis/Transport_planning/build-Transport_planning-mainKit-Debug"/>
				<Option object_output="./"/>
				<Option type="1"/>
				<Option compiler="gcc"/>
				<Compiler>
					<Add option="-DQT_WIDGETS_LIB"/>
					<Add option="-DQT_GUI_LIB"/>
					<Add option="-DQT_CORE_LIB"/>
					<Add option="-DQT_SQL_LIB"/>
					<Add directory="/home/louis/Transport_planning/build-Transport_planning-mainKit-Debug"/>
					<Add directory="/home/louis/Transport_planning"/>
					<Add directory="/home/louis/Transport_planning/build-Transport_planning-mainKit-Debug/Transport_planning_autogen/include"/>
					<Add directory="/home/louis/anaconda3/include/qt"/>
					<Add directory="/home/louis/anaconda3/include/qt/QtWidgets"/>
					<Add directory="/home/louis/anaconda3/include/qt/QtGui"/>
					<Add directory="/home/louis/anaconda3/include/qt/QtCore"/>
					<Add directory="/home/louis/anaconda3/./mkspecs/linux-g++"/>
					<Add directory="/home/louis/anaconda3/include/qt/QtSql"/>
					<Add directory="/usr/include/c++/9"/>
					<Add directory="/usr/include/x86_64-linux-gnu/c++/9"/>
					<Add directory="/usr/include/c++/9/backward"/>
					<Add directory="/usr/lib/gcc/x86_64-linux-gnu/9/include"/>
					<Add directory="/usr/local/include"/>
					<Add directory="/usr/include/x86_64-linux-gnu"/>
					<Add directory="/usr/include"/>
				</Compiler>
				<MakeCommands>
					<Build command="/usr/bin/make -j12 -f &quot;/home/louis/Transport_planning/build-Transport_planning-mainKit-Debug/Makefile&quot;  VERBOSE=1 Transport_planning/fast"/>
					<CompileFile command="/usr/bin/make -j12 -f &quot;/home/louis/Transport_planning/build-Transport_planning-mainKit-Debug/Makefile&quot;  VERBOSE=1 &quot;$file&quot;"/>
					<Clean command="/usr/bin/make -j12 -f &quot;/home/louis/Transport_planning/build-Transport_planning-mainKit-Debug/Makefile&quot;  VERBOSE=1 clean"/>
					<DistClean command="/usr/bin/make -j12 -f &quot;/home/louis/Transport_planning/build-Transport_planning-mainKit-Debug/Makefile&quot;  VERBOSE=1 clean"/>
				</MakeCommands>
			</Target>
			<Target title="Transport_planning_autogen">
				<Option working_dir="/home/louis/Transport_planning/build-Transport_planning-mainKit-Debug"/>
				<Option type="4"/>
				<MakeCommands>
					<Build command="/usr/bin/make -j12 -f &quot;/home/louis/Transport_planning/build-Transport_planning-mainKit-Debug/Makefile&quot;  VERBOSE=1 Transport_planning_autogen"/>
					<CompileFile command="/usr/bin/make -j12 -f &quot;/home/louis/Transport_planning/build-Transport_planning-mainKit-Debug/Makefile&quot;  VERBOSE=1 &quot;$file&quot;"/>
					<Clean command="/usr/bin/make -j12 -f &quot;/home/louis/Transport_planning/build-Transport_planning-mainKit-Debug/Makefile&quot;  VERBOSE=1 clean"/>
					<DistClean command="/usr/bin/make -j12 -f &quot;/home/louis/Transport_planning/build-Transport_planning-mainKit-Debug/Makefile&quot;  VERBOSE=1 clean"/>
				</MakeCommands>
			</Target>
		</Build>
		<Unit filename="/home/louis/Transport_planning/addchauffeur.cpp">
			<Option target="Transport_planning"/>
		</Unit>
		<Unit filename="/home/louis/Transport_planning/addchauffeur.h">
			<Option target="Transport_planning"/>
		</Unit>
		<Unit filename="/home/louis/Transport_planning/addchauffeur.ui">
			<Option target="Transport_planning"/>
		</Unit>
		<Unit filename="/home/louis/Transport_planning/build-Transport_planning-mainKit-Debug/Transport_planning_autogen/mocs_compilation.cpp">
			<Option target="Transport_planning"/>
		</Unit>
		<Unit filename="/home/louis/Transport_planning/main.cpp">
			<Option target="Transport_planning"/>
		</Unit>
		<Unit filename="/home/louis/Transport_planning/mainwindow.cpp">
			<Option target="Transport_planning"/>
		</Unit>
		<Unit filename="/home/louis/Transport_planning/mainwindow.h">
			<Option target="Transport_planning"/>
		</Unit>
		<Unit filename="/home/louis/Transport_planning/mainwindow.ui">
			<Option target="Transport_planning"/>
		</Unit>
		<Unit filename="/home/louis/Transport_planning/CMakeLists.txt">
			<Option virtualFolder="CMake Files\"/>
		</Unit>
		<Unit filename="/home/louis/Transport_planning/../anaconda3/lib/cmake/Qt5/Qt5Config.cmake">
			<Option virtualFolder="CMake Files\..\anaconda3\lib\cmake\Qt5\"/>
		</Unit>
		<Unit filename="/home/louis/Transport_planning/../anaconda3/lib/cmake/Qt5/Qt5ConfigVersion.cmake">
			<Option virtualFolder="CMake Files\..\anaconda3\lib\cmake\Qt5\"/>
		</Unit>
		<Unit filename="/home/louis/Transport_planning/../anaconda3/lib/cmake/Qt5/Qt5ModuleLocation.cmake">
			<Option virtualFolder="CMake Files\..\anaconda3\lib\cmake\Qt5\"/>
		</Unit>
		<Unit filename="/home/louis/Transport_planning/../anaconda3/lib/cmake/Qt5Widgets/Qt5WidgetsConfig.cmake">
			<Option virtualFolder="CMake Files\..\anaconda3\lib\cmake\Qt5Widgets\"/>
		</Unit>
		<Unit filename="/home/louis/Transport_planning/../anaconda3/lib/cmake/Qt5Widgets/Qt5WidgetsConfigExtras.cmake">
			<Option virtualFolder="CMake Files\..\anaconda3\lib\cmake\Qt5Widgets\"/>
		</Unit>
		<Unit filename="/home/louis/Transport_planning/../anaconda3/lib/cmake/Qt5Widgets/Qt5WidgetsConfigVersion.cmake">
			<Option virtualFolder="CMake Files\..\anaconda3\lib\cmake\Qt5Widgets\"/>
		</Unit>
		<Unit filename="/home/louis/Transport_planning/../anaconda3/lib/cmake/Qt5Widgets/Qt5WidgetsMacros.cmake">
			<Option virtualFolder="CMake Files\..\anaconda3\lib\cmake\Qt5Widgets\"/>
		</Unit>
		<Unit filename="/home/louis/Transport_planning/../anaconda3/lib/cmake/Qt5Gui/Qt5GuiConfig.cmake">
			<Option virtualFolder="CMake Files\..\anaconda3\lib\cmake\Qt5Gui\"/>
		</Unit>
		<Unit filename="/home/louis/Transport_planning/../anaconda3/lib/cmake/Qt5Gui/Qt5GuiConfigExtras.cmake">
			<Option virtualFolder="CMake Files\..\anaconda3\lib\cmake\Qt5Gui\"/>
		</Unit>
		<Unit filename="/home/louis/Transport_planning/../anaconda3/lib/cmake/Qt5Gui/Qt5GuiConfigVersion.cmake">
			<Option virtualFolder="CMake Files\..\anaconda3\lib\cmake\Qt5Gui\"/>
		</Unit>
		<Unit filename="/home/louis/Transport_planning/../anaconda3/lib/cmake/Qt5Gui/Qt5Gui_QComposePlatformInputContextPlugin.cmake">
			<Option virtualFolder="CMake Files\..\anaconda3\lib\cmake\Qt5Gui\"/>
		</Unit>
		<Unit filename="/home/louis/Transport_planning/../anaconda3/lib/cmake/Qt5Gui/Qt5Gui_QEglFSEmulatorIntegrationPlugin.cmake">
			<Option virtualFolder="CMake Files\..\anaconda3\lib\cmake\Qt5Gui\"/>
		</Unit>
		<Unit filename="/home/louis/Transport_planning/../anaconda3/lib/cmake/Qt5Gui/Qt5Gui_QEglFSIntegrationPlugin.cmake">
			<Option virtualFolder="CMake Files\..\anaconda3\lib\cmake\Qt5Gui\"/>
		</Unit>
		<Unit filename="/home/louis/Transport_planning/../anaconda3/lib/cmake/Qt5Gui/Qt5Gui_QEglFSX11IntegrationPlugin.cmake">
			<Option virtualFolder="CMake Files\..\anaconda3\lib\cmake\Qt5Gui\"/>
		</Unit>
		<Unit filename="/home/louis/Transport_planning/../anaconda3/lib/cmake/Qt5Gui/Qt5Gui_QEvdevKeyboardPlugin.cmake">
			<Option virtualFolder="CMake Files\..\anaconda3\lib\cmake\Qt5Gui\"/>
		</Unit>
		<Unit filename="/home/louis/Transport_planning/../anaconda3/lib/cmake/Qt5Gui/Qt5Gui_QEvdevMousePlugin.cmake">
			<Option virtualFolder="CMake Files\..\anaconda3\lib\cmake\Qt5Gui\"/>
		</Unit>
		<Unit filename="/home/louis/Transport_planning/../anaconda3/lib/cmake/Qt5Gui/Qt5Gui_QEvdevTabletPlugin.cmake">
			<Option virtualFolder="CMake Files\..\anaconda3\lib\cmake\Qt5Gui\"/>
		</Unit>
		<Unit filename="/home/louis/Transport_planning/../anaconda3/lib/cmake/Qt5Gui/Qt5Gui_QEvdevTouchScreenPlugin.cmake">
			<Option virtualFolder="CMake Files\..\anaconda3\lib\cmake\Qt5Gui\"/>
		</Unit>
		<Unit filename="/home/louis/Transport_planning/../anaconda3/lib/cmake/Qt5Gui/Qt5Gui_QGifPlugin.cmake">
			<Option virtualFolder="CMake Files\..\anaconda3\lib\cmake\Qt5Gui\"/>
		</Unit>
		<Unit filename="/home/louis/Transport_planning/../anaconda3/lib/cmake/Qt5Gui/Qt5Gui_QICNSPlugin.cmake">
			<Option virtualFolder="CMake Files\..\anaconda3\lib\cmake\Qt5Gui\"/>
		</Unit>
		<Unit filename="/home/louis/Transport_planning/../anaconda3/lib/cmake/Qt5Gui/Qt5Gui_QICOPlugin.cmake">
			<Option virtualFolder="CMake Files\..\anaconda3\lib\cmake\Qt5Gui\"/>
		</Unit>
		<Unit filename="/home/louis/Transport_planning/../anaconda3/lib/cmake/Qt5Gui/Qt5Gui_QIbusPlatformInputContextPlugin.cmake">
			<Option virtualFolder="CMake Files\..\anaconda3\lib\cmake\Qt5Gui\"/>
		</Unit>
		<Unit filename="/home/louis/Transport_planning/../anaconda3/lib/cmake/Qt5Gui/Qt5Gui_QJpegPlugin.cmake">
			<Option virtualFolder="CMake Files\..\anaconda3\lib\cmake\Qt5Gui\"/>
		</Unit>
		<Unit filename="/home/louis/Transport_planning/../anaconda3/lib/cmake/Qt5Gui/Qt5Gui_QMinimalEglIntegrationPlugin.cmake">
			<Option virtualFolder="CMake Files\..\anaconda3\lib\cmake\Qt5Gui\"/>
		</Unit>
		<Unit filename="/home/louis/Transport_planning/../anaconda3/lib/cmake/Qt5Gui/Qt5Gui_QMinimalIntegrationPlugin.cmake">
			<Option virtualFolder="CMake Files\..\anaconda3\lib\cmake\Qt5Gui\"/>
		</Unit>
		<Unit filename="/home/louis/Transport_planning/../anaconda3/lib/cmake/Qt5Gui/Qt5Gui_QOffscreenIntegrationPlugin.cmake">
			<Option virtualFolder="CMake Files\..\anaconda3\lib\cmake\Qt5Gui\"/>
		</Unit>
		<Unit filename="/home/louis/Transport_planning/../anaconda3/lib/cmake/Qt5Gui/Qt5Gui_QTgaPlugin.cmake">
			<Option virtualFolder="CMake Files\..\anaconda3\lib\cmake\Qt5Gui\"/>
		</Unit>
		<Unit filename="/home/louis/Transport_planning/../anaconda3/lib/cmake/Qt5Gui/Qt5Gui_QTiffPlugin.cmake">
			<Option virtualFolder="CMake Files\..\anaconda3\lib\cmake\Qt5Gui\"/>
		</Unit>
		<Unit filename="/home/louis/Transport_planning/../anaconda3/lib/cmake/Qt5Gui/Qt5Gui_QTuioTouchPlugin.cmake">
			<Option virtualFolder="CMake Files\..\anaconda3\lib\cmake\Qt5Gui\"/>
		</Unit>
		<Unit filename="/home/louis/Transport_planning/../anaconda3/lib/cmake/Qt5Gui/Qt5Gui_QVirtualKeyboardPlugin.cmake">
			<Option virtualFolder="CMake Files\..\anaconda3\lib\cmake\Qt5Gui\"/>
		</Unit>
		<Unit filename="/home/louis/Transport_planning/../anaconda3/lib/cmake/Qt5Gui/Qt5Gui_QVncIntegrationPlugin.cmake">
			<Option virtualFolder="CMake Files\..\anaconda3\lib\cmake\Qt5Gui\"/>
		</Unit>
		<Unit filename="/home/louis/Transport_planning/../anaconda3/lib/cmake/Qt5Gui/Qt5Gui_QWbmpPlugin.cmake">
			<Option virtualFolder="CMake Files\..\anaconda3\lib\cmake\Qt5Gui\"/>
		</Unit>
		<Unit filename="/home/louis/Transport_planning/../anaconda3/lib/cmake/Qt5Gui/Qt5Gui_QWebpPlugin.cmake">
			<Option virtualFolder="CMake Files\..\anaconda3\lib\cmake\Qt5Gui\"/>
		</Unit>
		<Unit filename="/home/louis/Transport_planning/../anaconda3/lib/cmake/Qt5Gui/Qt5Gui_QXcbEglIntegrationPlugin.cmake">
			<Option virtualFolder="CMake Files\..\anaconda3\lib\cmake\Qt5Gui\"/>
		</Unit>
		<Unit filename="/home/louis/Transport_planning/../anaconda3/lib/cmake/Qt5Gui/Qt5Gui_QXcbGlxIntegrationPlugin.cmake">
			<Option virtualFolder="CMake Files\..\anaconda3\lib\cmake\Qt5Gui\"/>
		</Unit>
		<Unit filename="/home/louis/Transport_planning/../anaconda3/lib/cmake/Qt5Gui/Qt5Gui_QXcbIntegrationPlugin.cmake">
			<Option virtualFolder="CMake Files\..\anaconda3\lib\cmake\Qt5Gui\"/>
		</Unit>
		<Unit filename="/home/louis/Transport_planning/../anaconda3/lib/cmake/Qt5Core/Qt5CoreConfig.cmake">
			<Option virtualFolder="CMake Files\..\anaconda3\lib\cmake\Qt5Core\"/>
		</Unit>
		<Unit filename="/home/louis/Transport_planning/../anaconda3/lib/cmake/Qt5Core/Qt5CoreConfigExtras.cmake">
			<Option virtualFolder="CMake Files\..\anaconda3\lib\cmake\Qt5Core\"/>
		</Unit>
		<Unit filename="/home/louis/Transport_planning/../anaconda3/lib/cmake/Qt5Core/Qt5CoreConfigExtrasMkspecDir.cmake">
			<Option virtualFolder="CMake Files\..\anaconda3\lib\cmake\Qt5Core\"/>
		</Unit>
		<Unit filename="/home/louis/Transport_planning/../anaconda3/lib/cmake/Qt5Core/Qt5CoreConfigVersion.cmake">
			<Option virtualFolder="CMake Files\..\anaconda3\lib\cmake\Qt5Core\"/>
		</Unit>
		<Unit filename="/home/louis/Transport_planning/../anaconda3/lib/cmake/Qt5Core/Qt5CoreMacros.cmake">
			<Option virtualFolder="CMake Files\..\anaconda3\lib\cmake\Qt5Core\"/>
		</Unit>
		<Unit filename="/home/louis/Transport_planning/../anaconda3/lib/cmake/Qt5Sql/Qt5SqlConfig.cmake">
			<Option virtualFolder="CMake Files\..\anaconda3\lib\cmake\Qt5Sql\"/>
		</Unit>
		<Unit filename="/home/louis/Transport_planning/../anaconda3/lib/cmake/Qt5Sql/Qt5SqlConfigVersion.cmake">
			<Option virtualFolder="CMake Files\..\anaconda3\lib\cmake\Qt5Sql\"/>
		</Unit>
		<Unit filename="/home/louis/Transport_planning/../anaconda3/lib/cmake/Qt5Sql/Qt5Sql_QSQLiteDriverPlugin.cmake">
			<Option virtualFolder="CMake Files\..\anaconda3\lib\cmake\Qt5Sql\"/>
		</Unit>
	</Project>
</CodeBlocks_project_file>
